
Microsoft Visual Studio Solution File, Format Version 12.00
# Visual Studio Version 17
VisualStudioVersion = 17.5.002.0
MinimumVisualStudioVersion = 10.0.40219.1
Project("{FAE04EC0-301F-11D3-BF4B-00C04F79EFBC}") = "teste_autenticacao_autorizacao", "teste_autenticacao_autorizacao\teste_autenticacao_autorizacao.csproj", "{4C62907C-FC4C-448F-A1E9-7A42F3EE59AA}"
EndProject
Project("{2150E333-8FDC-42A3-9474-1A3956D46DE8}") = "solutinon itens", "solutinon itens", "{8F266F71-AAB3-4F6E-9A0B-B614C9829765}"
	ProjectSection(SolutionItems) = preProject
		anotações.txt = anotações.txt
	EndProjectSection
EndProject
Project("{FAE04EC0-301F-11D3-BF4B-00C04F79EFBC}") = "teste_autenticacao_autorizacao.test", "teste_autenticacao_autorizacao.test\teste_autenticacao_autorizacao.test.csproj", "{C37362D9-3EAC-4761-8F91-6A65BCCD5B38}"
EndProject
Global
	GlobalSection(SolutionConfigurationPlatforms) = preSolution
		Debug|Any CPU = Debug|Any CPU
		Release|Any CPU = Release|Any CPU
	EndGlobalSection
	GlobalSection(ProjectConfigurationPlatforms) = postSolution
		{2C55EDD3-614F-425B-8158-089EC8C95E90}.Debug|Any CPU.ActiveCfg = Debug|Any CPU
		{2C55EDD3-614F-425B-8158-089EC8C95E90}.Debug|Any CPU.Build.0 = Debug|Any CPU
		{2C55EDD3-614F-425B-8158-089EC8C95E90}.Release|Any CPU.ActiveCfg = Release|Any CPU
		{2C55EDD3-614F-425B-8158-089EC8C95E90}.Release|Any CPU.Build.0 = Release|Any CPU
		{4C62907C-FC4C-448F-A1E9-7A42F3EE59AA}.Debug|Any CPU.ActiveCfg = Debug|Any CPU
		{4C62907C-FC4C-448F-A1E9-7A42F3EE59AA}.Debug|Any CPU.Build.0 = Debug|Any CPU
		{4C62907C-FC4C-448F-A1E9-7A42F3EE59AA}.Release|Any CPU.ActiveCfg = Release|Any CPU
		{4C62907C-FC4C-448F-A1E9-7A42F3EE59AA}.Release|Any CPU.Build.0 = Release|Any CPU
		{C37362D9-3EAC-4761-8F91-6A65BCCD5B38}.Debug|Any CPU.ActiveCfg = Debug|Any CPU
		{C37362D9-3EAC-4761-8F91-6A65BCCD5B38}.Debug|Any CPU.Build.0 = Debug|Any CPU
		{C37362D9-3EAC-4761-8F91-6A65BCCD5B38}.Release|Any CPU.ActiveCfg = Release|Any CPU
		{C37362D9-3EAC-4761-8F91-6A65BCCD5B38}.Release|Any CPU.Build.0 = Release|Any CPU
	EndGlobalSection
	GlobalSection(SolutionProperties) = preSolution
		HideSolutionNode = FALSE
	EndGlobalSection
	GlobalSection(ExtensibilityGlobals) = postSolution
		SolutionGuid = {2035FFDA-B6A9-4542-8702-2C37D1B0C9D7}
	EndGlobalSection
EndGlobal
